
Microsoft Visual Studio Solution File, Format Version 11.00
# Visual Studio 2010
Project("{FAE04EC0-301F-11D3-BF4B-00C04F79EFBC}") = "HamstringFX", "HamstringFX\HamstringFX.csproj", "{80725130-8510-4BFD-93AC-B3999E0A03CB}"
EndProject
Global
	GlobalSection(SolutionConfigurationPlatforms) = preSolution
		Debug|Any CPU = Debug|Any CPU
		Release|Any CPU = Release|Any CPU
	EndGlobalSection
	GlobalSection(ProjectConfigurationPlatforms) = postSolution
		{80725130-8510-4BFD-93AC-B3999E0A03CB}.Debug|Any CPU.ActiveCfg = Debug|Any CPU
		{80725130-8510-4BFD-93AC-B3999E0A03CB}.Debug|Any CPU.Build.0 = Debug|Any CPU
		{80725130-8510-4BFD-93AC-B3999E0A03CB}.Release|Any CPU.ActiveCfg = Release|Any CPU
		{80725130-8510-4BFD-93AC-B3999E0A03CB}.Release|Any CPU.Build.0 = Release|Any CPU
	EndGlobalSection
	GlobalSection(SolutionProperties) = preSolution
		HideSolutionNode = FALSE
	EndGlobalSection
EndGlobal
