
Microsoft Visual Studio Solution File, Format Version 11.00
# Visual Studio 2010
Project("{FAE04EC0-301F-11D3-BF4B-00C04F79EFBC}") = "NimbusFX", "NimbusFX\NimbusFX.csproj", "{F801BEA2-BA0E-431B-826B-0B7BA6288C9E}"
EndProject
Project("{FAE04EC0-301F-11D3-BF4B-00C04F79EFBC}") = "NimbusFX.Module", "NimbusFX.Module\NimbusFX.Module.csproj", "{2285D1BB-78DC-450F-82E6-B4B387C49A54}"
EndProject
Global
	GlobalSection(SolutionConfigurationPlatforms) = preSolution
		Debug|Any CPU = Debug|Any CPU
		Release|Any CPU = Release|Any CPU
	EndGlobalSection
	GlobalSection(ProjectConfigurationPlatforms) = postSolution
		{F801BEA2-BA0E-431B-826B-0B7BA6288C9E}.Debug|Any CPU.ActiveCfg = Debug|Any CPU
		{F801BEA2-BA0E-431B-826B-0B7BA6288C9E}.Debug|Any CPU.Build.0 = Debug|Any CPU
		{F801BEA2-BA0E-431B-826B-0B7BA6288C9E}.Release|Any CPU.ActiveCfg = Release|Any CPU
		{F801BEA2-BA0E-431B-826B-0B7BA6288C9E}.Release|Any CPU.Build.0 = Release|Any CPU
		{2285D1BB-78DC-450F-82E6-B4B387C49A54}.Debug|Any CPU.ActiveCfg = Debug|Any CPU
		{2285D1BB-78DC-450F-82E6-B4B387C49A54}.Debug|Any CPU.Build.0 = Debug|Any CPU
		{2285D1BB-78DC-450F-82E6-B4B387C49A54}.Release|Any CPU.ActiveCfg = Release|Any CPU
		{2285D1BB-78DC-450F-82E6-B4B387C49A54}.Release|Any CPU.Build.0 = Release|Any CPU
	EndGlobalSection
	GlobalSection(SolutionProperties) = preSolution
		HideSolutionNode = FALSE
	EndGlobalSection
EndGlobal
