
Microsoft Visual Studio Solution File, Format Version 11.00
# Visual Studio 2010
Project("{FAE04EC0-301F-11D3-BF4B-00C04F79EFBC}") = "GrokMob", "GrokMob\GrokMob.csproj", "{D598DD17-2BB1-4596-96C3-E9890CD46500}"
EndProject
Project("{2150E333-8FDC-42A3-9474-1A3956D46DE8}") = "UnitTests", "UnitTests", "{647D42B1-DC83-4093-88C4-337614163B8C}"
EndProject
Project("{2150E333-8FDC-42A3-9474-1A3956D46DE8}") = "Common", "Common", "{F7397401-5510-46AD-9BB2-3E66559DF9E2}"
	ProjectSection(SolutionItems) = preProject
		Common\SharedAssemblyInfo.cs = Common\SharedAssemblyInfo.cs
	EndProjectSection
EndProject
Project("{FAE04EC0-301F-11D3-BF4B-00C04F79EFBC}") = "GrokMob.SchemaMigration", "GrokMob.SchemaMigration\GrokMob.SchemaMigration.csproj", "{B1B179AF-0E5C-4D13-AE72-43EBCCC2D45F}"
EndProject
Project("{2150E333-8FDC-42A3-9474-1A3956D46DE8}") = "Configuration", "Configuration", "{4F52A7C1-0F28-42C7-8CFD-8227CDE2234A}"
EndProject
Project("{2150E333-8FDC-42A3-9474-1A3956D46DE8}") = "prod", "prod", "{94B41E31-7A0B-4509-9567-4DFDBAA439E4}"
	ProjectSection(SolutionItems) = preProject
		Configuration\prod\appSettings.config = Configuration\prod\appSettings.config
		Configuration\prod\connectionStrings.config = Configuration\prod\connectionStrings.config
		Configuration\prod\log4net.config = Configuration\prod\log4net.config
	EndProjectSection
EndProject
Project("{2150E333-8FDC-42A3-9474-1A3956D46DE8}") = "dev", "dev", "{0F2AA0EA-3607-4B52-95B7-5163AC092B48}"
	ProjectSection(SolutionItems) = preProject
		Configuration\dev\appSettings.config = Configuration\dev\appSettings.config
		Configuration\dev\connectionStrings.config = Configuration\dev\connectionStrings.config
		Configuration\dev\log4net.config = Configuration\dev\log4net.config
	EndProjectSection
EndProject
Project("{FAE04EC0-301F-11D3-BF4B-00C04F79EFBC}") = "GrokMob.Pester", "GrokMob.Pester\GrokMob.Pester.csproj", "{4604D636-3458-4284-92C2-942E083E3A22}"
EndProject
Project("{FAE04EC0-301F-11D3-BF4B-00C04F79EFBC}") = "GrokMob.Domain", "GrokMob.Domain\GrokMob.Domain.csproj", "{B59B1F14-8A53-475C-8147-0152DEF8E1A8}"
EndProject
Project("{FAE04EC0-301F-11D3-BF4B-00C04F79EFBC}") = "GrokMob.Versioner", "GrokMob.Versioner\GrokMob.Versioner.csproj", "{4CF8E46B-E0AD-4DC2-8D7A-056488A20781}"
EndProject
Project("{FAE04EC0-301F-11D3-BF4B-00C04F79EFBC}") = "GrokMob.Core", "GrokMob.Core\GrokMob.Core.csproj", "{0A336D08-50AE-4738-9725-CD2E2428A827}"
EndProject
Project("{FAE04EC0-301F-11D3-BF4B-00C04F79EFBC}") = "GrokMob.Domain.UnitTests", "UnitTests\GrokMob.Domain.UnitTests\GrokMob.Domain.UnitTests.csproj", "{757C4EFB-2CFA-456B-B957-5CC837DD5053}"
EndProject
Project("{FAE04EC0-301F-11D3-BF4B-00C04F79EFBC}") = "GrokMob.Core.UnitTests", "UnitTests\GrokMob.Core.UnitTests\GrokMob.Core.UnitTests.csproj", "{53F353ED-6B90-40C8-900A-E176C2F078C7}"
EndProject
Project("{2150E333-8FDC-42A3-9474-1A3956D46DE8}") = "Tools", "Tools", "{B4EEEE48-044D-4AEE-862E-61ECA6FF45DC}"
EndProject
Global
	GlobalSection(SolutionConfigurationPlatforms) = preSolution
		Debug|Any CPU = Debug|Any CPU
		Debug|Mixed Platforms = Debug|Mixed Platforms
		Debug|x86 = Debug|x86
		Release|Any CPU = Release|Any CPU
		Release|Mixed Platforms = Release|Mixed Platforms
		Release|x86 = Release|x86
	EndGlobalSection
	GlobalSection(ProjectConfigurationPlatforms) = postSolution
		{D598DD17-2BB1-4596-96C3-E9890CD46500}.Debug|Any CPU.ActiveCfg = Debug|Any CPU
		{D598DD17-2BB1-4596-96C3-E9890CD46500}.Debug|Any CPU.Build.0 = Debug|Any CPU
		{D598DD17-2BB1-4596-96C3-E9890CD46500}.Debug|Mixed Platforms.ActiveCfg = Debug|Any CPU
		{D598DD17-2BB1-4596-96C3-E9890CD46500}.Debug|Mixed Platforms.Build.0 = Debug|Any CPU
		{D598DD17-2BB1-4596-96C3-E9890CD46500}.Debug|x86.ActiveCfg = Debug|Any CPU
		{D598DD17-2BB1-4596-96C3-E9890CD46500}.Release|Any CPU.ActiveCfg = Release|Any CPU
		{D598DD17-2BB1-4596-96C3-E9890CD46500}.Release|Any CPU.Build.0 = Release|Any CPU
		{D598DD17-2BB1-4596-96C3-E9890CD46500}.Release|Mixed Platforms.ActiveCfg = Release|Any CPU
		{D598DD17-2BB1-4596-96C3-E9890CD46500}.Release|Mixed Platforms.Build.0 = Release|Any CPU
		{D598DD17-2BB1-4596-96C3-E9890CD46500}.Release|x86.ActiveCfg = Release|Any CPU
		{B1B179AF-0E5C-4D13-AE72-43EBCCC2D45F}.Debug|Any CPU.ActiveCfg = Debug|Any CPU
		{B1B179AF-0E5C-4D13-AE72-43EBCCC2D45F}.Debug|Any CPU.Build.0 = Debug|Any CPU
		{B1B179AF-0E5C-4D13-AE72-43EBCCC2D45F}.Debug|Mixed Platforms.ActiveCfg = Debug|Any CPU
		{B1B179AF-0E5C-4D13-AE72-43EBCCC2D45F}.Debug|Mixed Platforms.Build.0 = Debug|Any CPU
		{B1B179AF-0E5C-4D13-AE72-43EBCCC2D45F}.Debug|x86.ActiveCfg = Debug|Any CPU
		{B1B179AF-0E5C-4D13-AE72-43EBCCC2D45F}.Release|Any CPU.ActiveCfg = Release|Any CPU
		{B1B179AF-0E5C-4D13-AE72-43EBCCC2D45F}.Release|Any CPU.Build.0 = Release|Any CPU
		{B1B179AF-0E5C-4D13-AE72-43EBCCC2D45F}.Release|Mixed Platforms.ActiveCfg = Release|Any CPU
		{B1B179AF-0E5C-4D13-AE72-43EBCCC2D45F}.Release|Mixed Platforms.Build.0 = Release|Any CPU
		{B1B179AF-0E5C-4D13-AE72-43EBCCC2D45F}.Release|x86.ActiveCfg = Release|Any CPU
		{4604D636-3458-4284-92C2-942E083E3A22}.Debug|Any CPU.ActiveCfg = Debug|Any CPU
		{4604D636-3458-4284-92C2-942E083E3A22}.Debug|Any CPU.Build.0 = Debug|Any CPU
		{4604D636-3458-4284-92C2-942E083E3A22}.Debug|Mixed Platforms.ActiveCfg = Debug|Any CPU
		{4604D636-3458-4284-92C2-942E083E3A22}.Debug|Mixed Platforms.Build.0 = Debug|Any CPU
		{4604D636-3458-4284-92C2-942E083E3A22}.Debug|x86.ActiveCfg = Debug|Any CPU
		{4604D636-3458-4284-92C2-942E083E3A22}.Release|Any CPU.ActiveCfg = Release|Any CPU
		{4604D636-3458-4284-92C2-942E083E3A22}.Release|Any CPU.Build.0 = Release|Any CPU
		{4604D636-3458-4284-92C2-942E083E3A22}.Release|Mixed Platforms.ActiveCfg = Release|Any CPU
		{4604D636-3458-4284-92C2-942E083E3A22}.Release|Mixed Platforms.Build.0 = Release|Any CPU
		{4604D636-3458-4284-92C2-942E083E3A22}.Release|x86.ActiveCfg = Release|Any CPU
		{B59B1F14-8A53-475C-8147-0152DEF8E1A8}.Debug|Any CPU.ActiveCfg = Debug|Any CPU
		{B59B1F14-8A53-475C-8147-0152DEF8E1A8}.Debug|Any CPU.Build.0 = Debug|Any CPU
		{B59B1F14-8A53-475C-8147-0152DEF8E1A8}.Debug|Mixed Platforms.ActiveCfg = Debug|Any CPU
		{B59B1F14-8A53-475C-8147-0152DEF8E1A8}.Debug|Mixed Platforms.Build.0 = Debug|Any CPU
		{B59B1F14-8A53-475C-8147-0152DEF8E1A8}.Debug|x86.ActiveCfg = Debug|Any CPU
		{B59B1F14-8A53-475C-8147-0152DEF8E1A8}.Release|Any CPU.ActiveCfg = Release|Any CPU
		{B59B1F14-8A53-475C-8147-0152DEF8E1A8}.Release|Any CPU.Build.0 = Release|Any CPU
		{B59B1F14-8A53-475C-8147-0152DEF8E1A8}.Release|Mixed Platforms.ActiveCfg = Release|Any CPU
		{B59B1F14-8A53-475C-8147-0152DEF8E1A8}.Release|Mixed Platforms.Build.0 = Release|Any CPU
		{B59B1F14-8A53-475C-8147-0152DEF8E1A8}.Release|x86.ActiveCfg = Release|Any CPU
		{4CF8E46B-E0AD-4DC2-8D7A-056488A20781}.Debug|Any CPU.ActiveCfg = Debug|x86
		{4CF8E46B-E0AD-4DC2-8D7A-056488A20781}.Debug|Mixed Platforms.ActiveCfg = Debug|x86
		{4CF8E46B-E0AD-4DC2-8D7A-056488A20781}.Debug|Mixed Platforms.Build.0 = Debug|x86
		{4CF8E46B-E0AD-4DC2-8D7A-056488A20781}.Debug|x86.ActiveCfg = Debug|x86
		{4CF8E46B-E0AD-4DC2-8D7A-056488A20781}.Debug|x86.Build.0 = Debug|x86
		{4CF8E46B-E0AD-4DC2-8D7A-056488A20781}.Release|Any CPU.ActiveCfg = Release|x86
		{4CF8E46B-E0AD-4DC2-8D7A-056488A20781}.Release|Mixed Platforms.ActiveCfg = Release|x86
		{4CF8E46B-E0AD-4DC2-8D7A-056488A20781}.Release|Mixed Platforms.Build.0 = Release|x86
		{4CF8E46B-E0AD-4DC2-8D7A-056488A20781}.Release|x86.ActiveCfg = Release|x86
		{4CF8E46B-E0AD-4DC2-8D7A-056488A20781}.Release|x86.Build.0 = Release|x86
		{0A336D08-50AE-4738-9725-CD2E2428A827}.Debug|Any CPU.ActiveCfg = Debug|Any CPU
		{0A336D08-50AE-4738-9725-CD2E2428A827}.Debug|Any CPU.Build.0 = Debug|Any CPU
		{0A336D08-50AE-4738-9725-CD2E2428A827}.Debug|Mixed Platforms.ActiveCfg = Debug|Any CPU
		{0A336D08-50AE-4738-9725-CD2E2428A827}.Debug|Mixed Platforms.Build.0 = Debug|Any CPU
		{0A336D08-50AE-4738-9725-CD2E2428A827}.Debug|x86.ActiveCfg = Debug|Any CPU
		{0A336D08-50AE-4738-9725-CD2E2428A827}.Release|Any CPU.ActiveCfg = Release|Any CPU
		{0A336D08-50AE-4738-9725-CD2E2428A827}.Release|Any CPU.Build.0 = Release|Any CPU
		{0A336D08-50AE-4738-9725-CD2E2428A827}.Release|Mixed Platforms.ActiveCfg = Release|Any CPU
		{0A336D08-50AE-4738-9725-CD2E2428A827}.Release|Mixed Platforms.Build.0 = Release|Any CPU
		{0A336D08-50AE-4738-9725-CD2E2428A827}.Release|x86.ActiveCfg = Release|Any CPU
		{757C4EFB-2CFA-456B-B957-5CC837DD5053}.Debug|Any CPU.ActiveCfg = Debug|Any CPU
		{757C4EFB-2CFA-456B-B957-5CC837DD5053}.Debug|Any CPU.Build.0 = Debug|Any CPU
		{757C4EFB-2CFA-456B-B957-5CC837DD5053}.Debug|Mixed Platforms.ActiveCfg = Debug|Any CPU
		{757C4EFB-2CFA-456B-B957-5CC837DD5053}.Debug|Mixed Platforms.Build.0 = Debug|Any CPU
		{757C4EFB-2CFA-456B-B957-5CC837DD5053}.Debug|x86.ActiveCfg = Debug|Any CPU
		{757C4EFB-2CFA-456B-B957-5CC837DD5053}.Release|Any CPU.ActiveCfg = Release|Any CPU
		{757C4EFB-2CFA-456B-B957-5CC837DD5053}.Release|Any CPU.Build.0 = Release|Any CPU
		{757C4EFB-2CFA-456B-B957-5CC837DD5053}.Release|Mixed Platforms.ActiveCfg = Release|Any CPU
		{757C4EFB-2CFA-456B-B957-5CC837DD5053}.Release|Mixed Platforms.Build.0 = Release|Any CPU
		{757C4EFB-2CFA-456B-B957-5CC837DD5053}.Release|x86.ActiveCfg = Release|Any CPU
		{53F353ED-6B90-40C8-900A-E176C2F078C7}.Debug|Any CPU.ActiveCfg = Debug|Any CPU
		{53F353ED-6B90-40C8-900A-E176C2F078C7}.Debug|Any CPU.Build.0 = Debug|Any CPU
		{53F353ED-6B90-40C8-900A-E176C2F078C7}.Debug|Mixed Platforms.ActiveCfg = Debug|Any CPU
		{53F353ED-6B90-40C8-900A-E176C2F078C7}.Debug|Mixed Platforms.Build.0 = Debug|Any CPU
		{53F353ED-6B90-40C8-900A-E176C2F078C7}.Debug|x86.ActiveCfg = Debug|Any CPU
		{53F353ED-6B90-40C8-900A-E176C2F078C7}.Release|Any CPU.ActiveCfg = Release|Any CPU
		{53F353ED-6B90-40C8-900A-E176C2F078C7}.Release|Any CPU.Build.0 = Release|Any CPU
		{53F353ED-6B90-40C8-900A-E176C2F078C7}.Release|Mixed Platforms.ActiveCfg = Release|Any CPU
		{53F353ED-6B90-40C8-900A-E176C2F078C7}.Release|Mixed Platforms.Build.0 = Release|Any CPU
		{53F353ED-6B90-40C8-900A-E176C2F078C7}.Release|x86.ActiveCfg = Release|Any CPU
	EndGlobalSection
	GlobalSection(SolutionProperties) = preSolution
		HideSolutionNode = FALSE
	EndGlobalSection
	GlobalSection(NestedProjects) = preSolution
		{757C4EFB-2CFA-456B-B957-5CC837DD5053} = {647D42B1-DC83-4093-88C4-337614163B8C}
		{53F353ED-6B90-40C8-900A-E176C2F078C7} = {647D42B1-DC83-4093-88C4-337614163B8C}
		{4CF8E46B-E0AD-4DC2-8D7A-056488A20781} = {B4EEEE48-044D-4AEE-862E-61ECA6FF45DC}
		{B1B179AF-0E5C-4D13-AE72-43EBCCC2D45F} = {B4EEEE48-044D-4AEE-862E-61ECA6FF45DC}
		{94B41E31-7A0B-4509-9567-4DFDBAA439E4} = {4F52A7C1-0F28-42C7-8CFD-8227CDE2234A}
		{0F2AA0EA-3607-4B52-95B7-5163AC092B48} = {4F52A7C1-0F28-42C7-8CFD-8227CDE2234A}
	EndGlobalSection
EndGlobal
