
Microsoft Visual Studio Solution File, Format Version 11.00
# Visual Studio 2010
Project("{FAE04EC0-301F-11D3-BF4B-00C04F79EFBC}") = "JessicaExample", "JessicaExample\JessicaExample.csproj", "{6A1412F0-4A5D-49EC-9026-2E57EA881D10}"
EndProject
Project("{FAE04EC0-301F-11D3-BF4B-00C04F79EFBC}") = "PrizePick", "PrizePick\PrizePick.csproj", "{30EA1469-7C9F-44CE-B0AB-728621F36843}"
EndProject
Global
	GlobalSection(SolutionConfigurationPlatforms) = preSolution
		Debug|Any CPU = Debug|Any CPU
		Release|Any CPU = Release|Any CPU
	EndGlobalSection
	GlobalSection(ProjectConfigurationPlatforms) = postSolution
		{6A1412F0-4A5D-49EC-9026-2E57EA881D10}.Debug|Any CPU.ActiveCfg = Debug|Any CPU
		{6A1412F0-4A5D-49EC-9026-2E57EA881D10}.Debug|Any CPU.Build.0 = Debug|Any CPU
		{6A1412F0-4A5D-49EC-9026-2E57EA881D10}.Release|Any CPU.ActiveCfg = Release|Any CPU
		{6A1412F0-4A5D-49EC-9026-2E57EA881D10}.Release|Any CPU.Build.0 = Release|Any CPU
		{30EA1469-7C9F-44CE-B0AB-728621F36843}.Debug|Any CPU.ActiveCfg = Debug|Any CPU
		{30EA1469-7C9F-44CE-B0AB-728621F36843}.Debug|Any CPU.Build.0 = Debug|Any CPU
		{30EA1469-7C9F-44CE-B0AB-728621F36843}.Release|Any CPU.ActiveCfg = Release|Any CPU
		{30EA1469-7C9F-44CE-B0AB-728621F36843}.Release|Any CPU.Build.0 = Release|Any CPU
	EndGlobalSection
	GlobalSection(SolutionProperties) = preSolution
		HideSolutionNode = FALSE
	EndGlobalSection
EndGlobal
